// !$*UTF8*$!
{
	archiveVersion = 1;
	classes = {
	};
	objectVersion = 46;
	objects = {

/* Begin PBXBuildFile section */
		4226B82E1CF553CE00414D9C /* AnnouncementsViewController.swift in Sources */ = {isa = PBXBuildFile; fileRef = 4226B82D1CF553CE00414D9C /* AnnouncementsViewController.swift */; };
		4226B8361CF55AF800414D9C /* FacebookViewController.swift in Sources */ = {isa = PBXBuildFile; fileRef = 4226B8351CF55AF800414D9C /* FacebookViewController.swift */; };
		4226B8381CF56F8700414D9C /* InstagramViewController.swift in Sources */ = {isa = PBXBuildFile; fileRef = 4226B8371CF56F8700414D9C /* InstagramViewController.swift */; };
		4226B83A1CF572A600414D9C /* TwitterViewController.swift in Sources */ = {isa = PBXBuildFile; fileRef = 4226B8391CF572A600414D9C /* TwitterViewController.swift */; };
		4226B83C1CF5778900414D9C /* bellScheduleViewController.swift in Sources */ = {isa = PBXBuildFile; fileRef = 4226B83B1CF5778900414D9C /* bellScheduleViewController.swift */; };
		422D47941D5162250031A9C9 /* attendanceprocedure.png in Resources */ = {isa = PBXBuildFile; fileRef = 422D47931D5162250031A9C9 /* attendanceprocedure.png */; };
		4230479A1CF3ACD5002315CB /* westviewbellschedule.jpg in Resources */ = {isa = PBXBuildFile; fileRef = 423047991CF3ACD5002315CB /* westviewbellschedule.jpg */; };
		423E20CD1CEA74AD0021150F /* AppDelegate.swift in Sources */ = {isa = PBXBuildFile; fileRef = 423E20CC1CEA74AC0021150F /* AppDelegate.swift */; };
		423E20CF1CEA74AD0021150F /* ViewController.swift in Sources */ = {isa = PBXBuildFile; fileRef = 423E20CE1CEA74AD0021150F /* ViewController.swift */; };
		423E20D21CEA74AD0021150F /* Main.storyboard in Resources */ = {isa = PBXBuildFile; fileRef = 423E20D01CEA74AD0021150F /* Main.storyboard */; };
		423E20D41CEA74AD0021150F /* Assets.xcassets in Resources */ = {isa = PBXBuildFile; fileRef = 423E20D31CEA74AD0021150F /* Assets.xcassets */; };
		423E20D71CEA74AD0021150F /* LaunchScreen.storyboard in Resources */ = {isa = PBXBuildFile; fileRef = 423E20D51CEA74AD0021150F /* LaunchScreen.storyboard */; };
		423E20E21CEA74AD0021150F /* WestviewTests.swift in Sources */ = {isa = PBXBuildFile; fileRef = 423E20E11CEA74AD0021150F /* WestviewTests.swift */; };
		423E20ED1CEA74AD0021150F /* WestviewUITests.swift in Sources */ = {isa = PBXBuildFile; fileRef = 423E20EC1CEA74AD0021150F /* WestviewUITests.swift */; };
		42783BA51CED5BCA00EBF177 /* MyConnectViewController.swift in Sources */ = {isa = PBXBuildFile; fileRef = 42783BA41CED5BC900EBF177 /* MyConnectViewController.swift */; };
		42783BA91CEE7B9D00EBF177 /* StudHandBookViewController.swift in Sources */ = {isa = PBXBuildFile; fileRef = 42783BA81CEE7B9D00EBF177 /* StudHandBookViewController.swift */; };
		42783BAB1CEE821800EBF177 /* GradesViewController.swift in Sources */ = {isa = PBXBuildFile; fileRef = 42783BAA1CEE821800EBF177 /* GradesViewController.swift */; };
		42783BAD1CEE85FA00EBF177 /* HomePageViewController.swift in Sources */ = {isa = PBXBuildFile; fileRef = 42783BAC1CEE85FA00EBF177 /* HomePageViewController.swift */; };
		4299EBD11D4ACDC000C58F7B /* announcements.png in Resources */ = {isa = PBXBuildFile; fileRef = 4299EBD01D4ACDC000C58F7B /* announcements.png */; };
		4299EBD31D4ACE7A00C58F7B /* student_handbook.pdf in Resources */ = {isa = PBXBuildFile; fileRef = 4299EBD21D4ACE7A00C58F7B /* student_handbook.pdf */; };
		4299EBE01D4ACFD900C58F7B /* backarrow.png in Resources */ = {isa = PBXBuildFile; fileRef = 4299EBD41D4ACFD900C58F7B /* backarrow.png */; };
		4299EBE11D4ACFD900C58F7B /* bell.png in Resources */ = {isa = PBXBuildFile; fileRef = 4299EBD51D4ACFD900C58F7B /* bell.png */; };
		4299EBE21D4ACFD900C58F7B /* facebooklogo.jpg in Resources */ = {isa = PBXBuildFile; fileRef = 4299EBD61D4ACFD900C58F7B /* facebooklogo.jpg */; };
		4299EBE31D4ACFD900C58F7B /* forwardarrow.png in Resources */ = {isa = PBXBuildFile; fileRef = 4299EBD71D4ACFD900C58F7B /* forwardarrow.png */; };
		4299EBE41D4ACFD900C58F7B /* instagramlogo.png in Resources */ = {isa = PBXBuildFile; fileRef = 4299EBD81D4ACFD900C58F7B /* instagramlogo.png */; };
		4299EBE51D4ACFD900C58F7B /* myconnectlogo.png in Resources */ = {isa = PBXBuildFile; fileRef = 4299EBD91D4ACFD900C58F7B /* myconnectlogo.png */; };
		4299EBE61D4ACFD900C58F7B /* newwv.png in Resources */ = {isa = PBXBuildFile; fileRef = 4299EBDA1D4ACFD900C58F7B /* newwv.png */; };
		4299EBE71D4ACFD900C58F7B /* studenthandbook.png in Resources */ = {isa = PBXBuildFile; fileRef = 4299EBDB1D4ACFD900C58F7B /* studenthandbook.png */; };
		4299EBE81D4ACFD900C58F7B /* synergylogo.png in Resources */ = {isa = PBXBuildFile; fileRef = 4299EBDC1D4ACFD900C58F7B /* synergylogo.png */; };
		4299EBE91D4ACFD900C58F7B /* twitterlogo.png in Resources */ = {isa = PBXBuildFile; fileRef = 4299EBDD1D4ACFD900C58F7B /* twitterlogo.png */; };
		4299EBEA1D4ACFD900C58F7B /* westviewlogo.png in Resources */ = {isa = PBXBuildFile; fileRef = 4299EBDE1D4ACFD900C58F7B /* westviewlogo.png */; };
		4299EBEB1D4ACFD900C58F7B /* wv.png in Resources */ = {isa = PBXBuildFile; fileRef = 4299EBDF1D4ACFD900C58F7B /* wv.png */; };
		4299EBEE1D4FE80600C58F7B /* attendance.png in Resources */ = {isa = PBXBuildFile; fileRef = 4299EBEC1D4FE80600C58F7B /* attendance.png */; };
		4299EBEF1D4FE80600C58F7B /* calendar.png in Resources */ = {isa = PBXBuildFile; fileRef = 4299EBED1D4FE80600C58F7B /* calendar.png */; };
		4299EBF31D4FEF5E00C58F7B /* AttendanceViewController.swift in Sources */ = {isa = PBXBuildFile; fileRef = 4299EBF21D4FEF5E00C58F7B /* AttendanceViewController.swift */; };
		4299EBF51D4FF28100C58F7B /* CalendarViewController.swift in Sources */ = {isa = PBXBuildFile; fileRef = 4299EBF41D4FF28100C58F7B /* CalendarViewController.swift */; };
		4299EBF91D50341600C58F7B /* westviewtransparent.png in Resources */ = {isa = PBXBuildFile; fileRef = 4299EBF81D50341600C58F7B /* westviewtransparent.png */; };
		42B9EEC21D57A88500F1BC72 /* attendance_procedures.pdf in Resources */ = {isa = PBXBuildFile; fileRef = 42B9EEC11D57A88500F1BC72 /* attendance_procedures.pdf */; };
/* End PBXBuildFile section */

/* Begin PBXContainerItemProxy section */
		423E20DE1CEA74AD0021150F /* PBXContainerItemProxy */ = {
			isa = PBXContainerItemProxy;
			containerPortal = 423E20C11CEA74AC0021150F /* Project object */;
			proxyType = 1;
			remoteGlobalIDString = 423E20C81CEA74AC0021150F;
			remoteInfo = Westview;
		};
		423E20E91CEA74AD0021150F /* PBXContainerItemProxy */ = {
			isa = PBXContainerItemProxy;
			containerPortal = 423E20C11CEA74AC0021150F /* Project object */;
			proxyType = 1;
			remoteGlobalIDString = 423E20C81CEA74AC0021150F;
			remoteInfo = Westview;
		};
/* End PBXContainerItemProxy section */

/* Begin PBXFileReference section */
		4226B82D1CF553CE00414D9C /* AnnouncementsViewController.swift */ = {isa = PBXFileReference; fileEncoding = 4; lastKnownFileType = sourcecode.swift; path = AnnouncementsViewController.swift; sourceTree = "<group>"; };
		4226B8351CF55AF800414D9C /* FacebookViewController.swift */ = {isa = PBXFileReference; fileEncoding = 4; lastKnownFileType = sourcecode.swift; path = FacebookViewController.swift; sourceTree = "<group>"; };
		4226B8371CF56F8700414D9C /* InstagramViewController.swift */ = {isa = PBXFileReference; fileEncoding = 4; lastKnownFileType = sourcecode.swift; path = InstagramViewController.swift; sourceTree = "<group>"; };
		4226B8391CF572A600414D9C /* TwitterViewController.swift */ = {isa = PBXFileReference; fileEncoding = 4; lastKnownFileType = sourcecode.swift; path = TwitterViewController.swift; sourceTree = "<group>"; };
		4226B83B1CF5778900414D9C /* bellScheduleViewController.swift */ = {isa = PBXFileReference; fileEncoding = 4; lastKnownFileType = sourcecode.swift; name = bellScheduleViewController.swift; path = ../bellScheduleViewController.swift; sourceTree = "<group>"; };
		422D47931D5162250031A9C9 /* attendanceprocedure.png */ = {isa = PBXFileReference; lastKnownFileType = image.png; name = attendanceprocedure.png; path = ../../graphics/attendanceprocedure.png; sourceTree = "<group>"; };
		423047991CF3ACD5002315CB /* westviewbellschedule.jpg */ = {isa = PBXFileReference; lastKnownFileType = image.jpeg; name = westviewbellschedule.jpg; path = ../../../../Downloads/westviewbellschedule.jpg; sourceTree = "<group>"; };
		423E20C91CEA74AC0021150F /* Westview.app */ = {isa = PBXFileReference; explicitFileType = wrapper.application; includeInIndex = 0; path = Westview.app; sourceTree = BUILT_PRODUCTS_DIR; };
		423E20CC1CEA74AC0021150F /* AppDelegate.swift */ = {isa = PBXFileReference; lastKnownFileType = sourcecode.swift; path = AppDelegate.swift; sourceTree = "<group>"; };
		423E20CE1CEA74AD0021150F /* ViewController.swift */ = {isa = PBXFileReference; lastKnownFileType = sourcecode.swift; path = ViewController.swift; sourceTree = "<group>"; };
		423E20D11CEA74AD0021150F /* Base */ = {isa = PBXFileReference; lastKnownFileType = file.storyboard; name = Base; path = Base.lproj/Main.storyboard; sourceTree = "<group>"; };
		423E20D31CEA74AD0021150F /* Assets.xcassets */ = {isa = PBXFileReference; lastKnownFileType = folder.assetcatalog; path = Assets.xcassets; sourceTree = "<group>"; };
		423E20D61CEA74AD0021150F /* Base */ = {isa = PBXFileReference; lastKnownFileType = file.storyboard; name = Base; path = Base.lproj/LaunchScreen.storyboard; sourceTree = "<group>"; };
		423E20D81CEA74AD0021150F /* Info.plist */ = {isa = PBXFileReference; lastKnownFileType = text.plist.xml; path = Info.plist; sourceTree = "<group>"; };
		423E20DD1CEA74AD0021150F /* WestviewTests.xctest */ = {isa = PBXFileReference; explicitFileType = wrapper.cfbundle; includeInIndex = 0; path = WestviewTests.xctest; sourceTree = BUILT_PRODUCTS_DIR; };
		423E20E11CEA74AD0021150F /* WestviewTests.swift */ = {isa = PBXFileReference; lastKnownFileType = sourcecode.swift; path = WestviewTests.swift; sourceTree = "<group>"; };
		423E20E31CEA74AD0021150F /* Info.plist */ = {isa = PBXFileReference; lastKnownFileType = text.plist.xml; path = Info.plist; sourceTree = "<group>"; };
		423E20E81CEA74AD0021150F /* WestviewUITests.xctest */ = {isa = PBXFileReference; explicitFileType = wrapper.cfbundle; includeInIndex = 0; path = WestviewUITests.xctest; sourceTree = BUILT_PRODUCTS_DIR; };
		423E20EC1CEA74AD0021150F /* WestviewUITests.swift */ = {isa = PBXFileReference; lastKnownFileType = sourcecode.swift; path = WestviewUITests.swift; sourceTree = "<group>"; };
		423E20EE1CEA74AD0021150F /* Info.plist */ = {isa = PBXFileReference; lastKnownFileType = text.plist.xml; path = Info.plist; sourceTree = "<group>"; };
		42783BA41CED5BC900EBF177 /* MyConnectViewController.swift */ = {isa = PBXFileReference; fileEncoding = 4; lastKnownFileType = sourcecode.swift; path = MyConnectViewController.swift; sourceTree = "<group>"; };
		42783BA81CEE7B9D00EBF177 /* StudHandBookViewController.swift */ = {isa = PBXFileReference; fileEncoding = 4; lastKnownFileType = sourcecode.swift; path = StudHandBookViewController.swift; sourceTree = "<group>"; };
		42783BAA1CEE821800EBF177 /* GradesViewController.swift */ = {isa = PBXFileReference; fileEncoding = 4; lastKnownFileType = sourcecode.swift; path = GradesViewController.swift; sourceTree = "<group>"; };
		42783BAC1CEE85FA00EBF177 /* HomePageViewController.swift */ = {isa = PBXFileReference; fileEncoding = 4; lastKnownFileType = sourcecode.swift; path = HomePageViewController.swift; sourceTree = "<group>"; };
		4299EBD01D4ACDC000C58F7B /* announcements.png */ = {isa = PBXFileReference; lastKnownFileType = image.png; name = announcements.png; path = ../../graphics/announcements.png; sourceTree = "<group>"; };
		4299EBD21D4ACE7A00C58F7B /* student_handbook.pdf */ = {isa = PBXFileReference; lastKnownFileType = image.pdf; name = student_handbook.pdf; path = ../../student_handbook.pdf; sourceTree = "<group>"; };
		4299EBD41D4ACFD900C58F7B /* backarrow.png */ = {isa = PBXFileReference; lastKnownFileType = image.png; name = backarrow.png; path = ../../graphics/backarrow.png; sourceTree = "<group>"; };
		4299EBD51D4ACFD900C58F7B /* bell.png */ = {isa = PBXFileReference; lastKnownFileType = image.png; name = bell.png; path = ../../graphics/bell.png; sourceTree = "<group>"; };
		4299EBD61D4ACFD900C58F7B /* facebooklogo.jpg */ = {isa = PBXFileReference; lastKnownFileType = image.jpeg; name = facebooklogo.jpg; path = ../../graphics/facebooklogo.jpg; sourceTree = "<group>"; };
		4299EBD71D4ACFD900C58F7B /* forwardarrow.png */ = {isa = PBXFileReference; lastKnownFileType = image.png; name = forwardarrow.png; path = ../../graphics/forwardarrow.png; sourceTree = "<group>"; };
		4299EBD81D4ACFD900C58F7B /* instagramlogo.png */ = {isa = PBXFileReference; lastKnownFileType = image.png; name = instagramlogo.png; path = ../../graphics/instagramlogo.png; sourceTree = "<group>"; };
		4299EBD91D4ACFD900C58F7B /* myconnectlogo.png */ = {isa = PBXFileReference; lastKnownFileType = image.png; name = myconnectlogo.png; path = ../../graphics/myconnectlogo.png; sourceTree = "<group>"; };
		4299EBDA1D4ACFD900C58F7B /* newwv.png */ = {isa = PBXFileReference; lastKnownFileType = image.png; name = newwv.png; path = ../../graphics/newwv.png; sourceTree = "<group>"; };
		4299EBDB1D4ACFD900C58F7B /* studenthandbook.png */ = {isa = PBXFileReference; lastKnownFileType = image.png; name = studenthandbook.png; path = ../../graphics/studenthandbook.png; sourceTree = "<group>"; };
		4299EBDC1D4ACFD900C58F7B /* synergylogo.png */ = {isa = PBXFileReference; lastKnownFileType = image.png; name = synergylogo.png; path = ../../graphics/synergylogo.png; sourceTree = "<group>"; };
		4299EBDD1D4ACFD900C58F7B /* twitterlogo.png */ = {isa = PBXFileReference; lastKnownFileType = image.png; name = twitterlogo.png; path = ../../graphics/twitterlogo.png; sourceTree = "<group>"; };
		4299EBDE1D4ACFD900C58F7B /* westviewlogo.png */ = {isa = PBXFileReference; lastKnownFileType = image.png; name = westviewlogo.png; path = ../../graphics/westviewlogo.png; sourceTree = "<group>"; };
		4299EBDF1D4ACFD900C58F7B /* wv.png */ = {isa = PBXFileReference; lastKnownFileType = image.png; name = wv.png; path = ../../graphics/wv.png; sourceTree = "<group>"; };
		4299EBEC1D4FE80600C58F7B /* attendance.png */ = {isa = PBXFileReference; lastKnownFileType = image.png; name = attendance.png; path = ../../graphics/attendance.png; sourceTree = "<group>"; };
		4299EBED1D4FE80600C58F7B /* calendar.png */ = {isa = PBXFileReference; lastKnownFileType = image.png; name = calendar.png; path = ../../graphics/calendar.png; sourceTree = "<group>"; };
		4299EBF21D4FEF5E00C58F7B /* AttendanceViewController.swift */ = {isa = PBXFileReference; fileEncoding = 4; lastKnownFileType = sourcecode.swift; path = AttendanceViewController.swift; sourceTree = "<group>"; };
		4299EBF41D4FF28100C58F7B /* CalendarViewController.swift */ = {isa = PBXFileReference; fileEncoding = 4; lastKnownFileType = sourcecode.swift; path = CalendarViewController.swift; sourceTree = "<group>"; };
		4299EBF81D50341600C58F7B /* westviewtransparent.png */ = {isa = PBXFileReference; lastKnownFileType = image.png; name = westviewtransparent.png; path = ../../graphics/westviewtransparent.png; sourceTree = "<group>"; };
		42B9EEC11D57A88500F1BC72 /* attendance_procedures.pdf */ = {isa = PBXFileReference; lastKnownFileType = image.pdf; name = attendance_procedures.pdf; path = ../../attendance_procedures.pdf; sourceTree = "<group>"; };
/* End PBXFileReference section */

/* Begin PBXFrameworksBuildPhase section */
		423E20C61CEA74AC0021150F /* Frameworks */ = {
			isa = PBXFrameworksBuildPhase;
			buildActionMask = 2147483647;
			files = (
			);
			runOnlyForDeploymentPostprocessing = 0;
		};
		423E20DA1CEA74AD0021150F /* Frameworks */ = {
			isa = PBXFrameworksBuildPhase;
			buildActionMask = 2147483647;
			files = (
			);
			runOnlyForDeploymentPostprocessing = 0;
		};
		423E20E51CEA74AD0021150F /* Frameworks */ = {
			isa = PBXFrameworksBuildPhase;
			buildActionMask = 2147483647;
			files = (
			);
			runOnlyForDeploymentPostprocessing = 0;
		};
/* End PBXFrameworksBuildPhase section */

/* Begin PBXGroup section */
		423E20C01CEA74AC0021150F = {
			isa = PBXGroup;
			children = (
				423E20CB1CEA74AC0021150F /* Westview */,
				423E20E01CEA74AD0021150F /* WestviewTests */,
				423E20EB1CEA74AD0021150F /* WestviewUITests */,
				423E20CA1CEA74AC0021150F /* Products */,
			);
			sourceTree = "<group>";
		};
		423E20CA1CEA74AC0021150F /* Products */ = {
			isa = PBXGroup;
			children = (
				423E20C91CEA74AC0021150F /* Westview.app */,
				423E20DD1CEA74AD0021150F /* WestviewTests.xctest */,
				423E20E81CEA74AD0021150F /* WestviewUITests.xctest */,
			);
			name = Products;
			sourceTree = "<group>";
		};
		423E20CB1CEA74AC0021150F /* Westview */ = {
			isa = PBXGroup;
			children = (
				423E20D01CEA74AD0021150F /* Main.storyboard */,
				4299EBEC1D4FE80600C58F7B /* attendance.png */,
				422D47931D5162250031A9C9 /* attendanceprocedure.png */,
				42B9EEC11D57A88500F1BC72 /* attendance_procedures.pdf */,
				4299EBED1D4FE80600C58F7B /* calendar.png */,
				4299EBF21D4FEF5E00C58F7B /* AttendanceViewController.swift */,
				4299EBF41D4FF28100C58F7B /* CalendarViewController.swift */,
				4299EBF81D50341600C58F7B /* westviewtransparent.png */,
				4226B8351CF55AF800414D9C /* FacebookViewController.swift */,
				423E20CC1CEA74AC0021150F /* AppDelegate.swift */,
				42783BA81CEE7B9D00EBF177 /* StudHandBookViewController.swift */,
				4226B83B1CF5778900414D9C /* bellScheduleViewController.swift */,
				423E20CE1CEA74AD0021150F /* ViewController.swift */,
				42783BA41CED5BC900EBF177 /* MyConnectViewController.swift */,
				42783BAA1CEE821800EBF177 /* GradesViewController.swift */,
				42783BAC1CEE85FA00EBF177 /* HomePageViewController.swift */,
				4226B8371CF56F8700414D9C /* InstagramViewController.swift */,
				4226B8391CF572A600414D9C /* TwitterViewController.swift */,
				4226B82D1CF553CE00414D9C /* AnnouncementsViewController.swift */,
				4299EBD01D4ACDC000C58F7B /* announcements.png */,
				4299EBD21D4ACE7A00C58F7B /* student_handbook.pdf */,
				4299EBD41D4ACFD900C58F7B /* backarrow.png */,
				4299EBD51D4ACFD900C58F7B /* bell.png */,
				4299EBD61D4ACFD900C58F7B /* facebooklogo.jpg */,
				4299EBD71D4ACFD900C58F7B /* forwardarrow.png */,
				4299EBD81D4ACFD900C58F7B /* instagramlogo.png */,
				4299EBD91D4ACFD900C58F7B /* myconnectlogo.png */,
				4299EBDA1D4ACFD900C58F7B /* newwv.png */,
				4299EBDB1D4ACFD900C58F7B /* studenthandbook.png */,
				4299EBDC1D4ACFD900C58F7B /* synergylogo.png */,
				4299EBDD1D4ACFD900C58F7B /* twitterlogo.png */,
				4299EBDE1D4ACFD900C58F7B /* westviewlogo.png */,
				4299EBDF1D4ACFD900C58F7B /* wv.png */,
				423047991CF3ACD5002315CB /* westviewbellschedule.jpg */,
				423E20D31CEA74AD0021150F /* Assets.xcassets */,
				423E20D51CEA74AD0021150F /* LaunchScreen.storyboard */,
				423E20D81CEA74AD0021150F /* Info.plist */,
			);
			path = Westview;
			sourceTree = "<group>";
		};
		423E20E01CEA74AD0021150F /* WestviewTests */ = {
			isa = PBXGroup;
			children = (
				423E20E11CEA74AD0021150F /* WestviewTests.swift */,
				423E20E31CEA74AD0021150F /* Info.plist */,
			);
			path = WestviewTests;
			sourceTree = "<group>";
		};
		423E20EB1CEA74AD0021150F /* WestviewUITests */ = {
			isa = PBXGroup;
			children = (
				423E20EC1CEA74AD0021150F /* WestviewUITests.swift */,
				423E20EE1CEA74AD0021150F /* Info.plist */,
			);
			path = WestviewUITests;
			sourceTree = "<group>";
		};
/* End PBXGroup section */

/* Begin PBXNativeTarget section */
		423E20C81CEA74AC0021150F /* Westview */ = {
			isa = PBXNativeTarget;
			buildConfigurationList = 423E20F11CEA74AD0021150F /* Build configuration list for PBXNativeTarget "Westview" */;
			buildPhases = (
				423E20C51CEA74AC0021150F /* Sources */,
				423E20C61CEA74AC0021150F /* Frameworks */,
				423E20C71CEA74AC0021150F /* Resources */,
			);
			buildRules = (
			);
			dependencies = (
			);
			name = Westview;
			productName = Westview;
			productReference = 423E20C91CEA74AC0021150F /* Westview.app */;
			productType = "com.apple.product-type.application";
		};
		423E20DC1CEA74AD0021150F /* WestviewTests */ = {
			isa = PBXNativeTarget;
			buildConfigurationList = 423E20F41CEA74AD0021150F /* Build configuration list for PBXNativeTarget "WestviewTests" */;
			buildPhases = (
				423E20D91CEA74AD0021150F /* Sources */,
				423E20DA1CEA74AD0021150F /* Frameworks */,
				423E20DB1CEA74AD0021150F /* Resources */,
			);
			buildRules = (
			);
			dependencies = (
				423E20DF1CEA74AD0021150F /* PBXTargetDependency */,
			);
			name = WestviewTests;
			productName = WestviewTests;
			productReference = 423E20DD1CEA74AD0021150F /* WestviewTests.xctest */;
			productType = "com.apple.product-type.bundle.unit-test";
		};
		423E20E71CEA74AD0021150F /* WestviewUITests */ = {
			isa = PBXNativeTarget;
			buildConfigurationList = 423E20F71CEA74AD0021150F /* Build configuration list for PBXNativeTarget "WestviewUITests" */;
			buildPhases = (
				423E20E41CEA74AD0021150F /* Sources */,
				423E20E51CEA74AD0021150F /* Frameworks */,
				423E20E61CEA74AD0021150F /* Resources */,
			);
			buildRules = (
			);
			dependencies = (
				423E20EA1CEA74AD0021150F /* PBXTargetDependency */,
			);
			name = WestviewUITests;
			productName = WestviewUITests;
			productReference = 423E20E81CEA74AD0021150F /* WestviewUITests.xctest */;
			productType = "com.apple.product-type.bundle.ui-testing";
		};
/* End PBXNativeTarget section */

/* Begin PBXProject section */
		423E20C11CEA74AC0021150F /* Project object */ = {
			isa = PBXProject;
			attributes = {
				LastSwiftUpdateCheck = 0730;
				LastUpgradeCheck = 0730;
				ORGANIZATIONNAME = "Natalie Aguinaldo";
				TargetAttributes = {
					423E20C81CEA74AC0021150F = {
						CreatedOnToolsVersion = 7.3.1;
						DevelopmentTeam = MVRMJ8UYVX;
					};
					423E20DC1CEA74AD0021150F = {
						CreatedOnToolsVersion = 7.3.1;
						TestTargetID = 423E20C81CEA74AC0021150F;
					};
					423E20E71CEA74AD0021150F = {
						CreatedOnToolsVersion = 7.3.1;
						TestTargetID = 423E20C81CEA74AC0021150F;
					};
				};
			};
			buildConfigurationList = 423E20C41CEA74AC0021150F /* Build configuration list for PBXProject "Westview" */;
			compatibilityVersion = "Xcode 3.2";
			developmentRegion = English;
			hasScannedForEncodings = 0;
			knownRegions = (
				en,
				Base,
			);
			mainGroup = 423E20C01CEA74AC0021150F;
			productRefGroup = 423E20CA1CEA74AC0021150F /* Products */;
			projectDirPath = "";
			projectRoot = "";
			targets = (
				423E20C81CEA74AC0021150F /* Westview */,
				423E20DC1CEA74AD0021150F /* WestviewTests */,
				423E20E71CEA74AD0021150F /* WestviewUITests */,
			);
		};
/* End PBXProject section */

/* Begin PBXResourcesBuildPhase section */
		423E20C71CEA74AC0021150F /* Resources */ = {
			isa = PBXResourcesBuildPhase;
			buildActionMask = 2147483647;
			files = (
				423E20D71CEA74AD0021150F /* LaunchScreen.storyboard in Resources */,
				423E20D41CEA74AD0021150F /* Assets.xcassets in Resources */,
				4299EBE51D4ACFD900C58F7B /* myconnectlogo.png in Resources */,
				4299EBE41D4ACFD900C58F7B /* instagramlogo.png in Resources */,
				4299EBE11D4ACFD900C58F7B /* bell.png in Resources */,
				4299EBD11D4ACDC000C58F7B /* announcements.png in Resources */,
				4299EBE21D4ACFD900C58F7B /* facebooklogo.jpg in Resources */,
				423E20D21CEA74AD0021150F /* Main.storyboard in Resources */,
				4299EBE81D4ACFD900C58F7B /* synergylogo.png in Resources */,
				4299EBD31D4ACE7A00C58F7B /* student_handbook.pdf in Resources */,
				4299EBE31D4ACFD900C58F7B /* forwardarrow.png in Resources */,
				4299EBE01D4ACFD900C58F7B /* backarrow.png in Resources */,
				4299EBEB1D4ACFD900C58F7B /* wv.png in Resources */,
				4299EBE71D4ACFD900C58F7B /* studenthandbook.png in Resources */,
				4299EBE61D4ACFD900C58F7B /* newwv.png in Resources */,
				4299EBF91D50341600C58F7B /* westviewtransparent.png in Resources */,
				4299EBEE1D4FE80600C58F7B /* attendance.png in Resources */,
				4230479A1CF3ACD5002315CB /* westviewbellschedule.jpg in Resources */,
				42B9EEC21D57A88500F1BC72 /* attendance_procedures.pdf in Resources */,
				422D47941D5162250031A9C9 /* attendanceprocedure.png in Resources */,
				4299EBEF1D4FE80600C58F7B /* calendar.png in Resources */,
				4299EBEA1D4ACFD900C58F7B /* westviewlogo.png in Resources */,
				4299EBE91D4ACFD900C58F7B /* twitterlogo.png in Resources */,
			);
			runOnlyForDeploymentPostprocessing = 0;
		};
		423E20DB1CEA74AD0021150F /* Resources */ = {
			isa = PBXResourcesBuildPhase;
			buildActionMask = 2147483647;
			files = (
			);
			runOnlyForDeploymentPostprocessing = 0;
		};
		423E20E61CEA74AD0021150F /* Resources */ = {
			isa = PBXResourcesBuildPhase;
			buildActionMask = 2147483647;
			files = (
			);
			runOnlyForDeploymentPostprocessing = 0;
		};
/* End PBXResourcesBuildPhase section */

/* Begin PBXSourcesBuildPhase section */
		423E20C51CEA74AC0021150F /* Sources */ = {
			isa = PBXSourcesBuildPhase;
			buildActionMask = 2147483647;
			files = (
				4226B82E1CF553CE00414D9C /* AnnouncementsViewController.swift in Sources */,
				42783BAB1CEE821800EBF177 /* GradesViewController.swift in Sources */,
				4226B83A1CF572A600414D9C /* TwitterViewController.swift in Sources */,
				4226B8361CF55AF800414D9C /* FacebookViewController.swift in Sources */,
				42783BAD1CEE85FA00EBF177 /* HomePageViewController.swift in Sources */,
				4226B83C1CF5778900414D9C /* bellScheduleViewController.swift in Sources */,
				42783BA91CEE7B9D00EBF177 /* StudHandBookViewController.swift in Sources */,
				423E20CF1CEA74AD0021150F /* ViewController.swift in Sources */,
				4299EBF51D4FF28100C58F7B /* CalendarViewController.swift in Sources */,
				423E20CD1CEA74AD0021150F /* AppDelegate.swift in Sources */,
				42783BA51CED5BCA00EBF177 /* MyConnectViewController.swift in Sources */,
				4226B8381CF56F8700414D9C /* InstagramViewController.swift in Sources */,
				4299EBF31D4FEF5E00C58F7B /* AttendanceViewController.swift in Sources */,
			);
			runOnlyForDeploymentPostprocessing = 0;
		};
		423E20D91CEA74AD0021150F /* Sources */ = {
			isa = PBXSourcesBuildPhase;
			buildActionMask = 2147483647;
			files = (
				423E20E21CEA74AD0021150F /* WestviewTests.swift in Sources */,
			);
			runOnlyForDeploymentPostprocessing = 0;
		};
		423E20E41CEA74AD0021150F /* Sources */ = {
			isa = PBXSourcesBuildPhase;
			buildActionMask = 2147483647;
			files = (
				423E20ED1CEA74AD0021150F /* WestviewUITests.swift in Sources */,
			);
			runOnlyForDeploymentPostprocessing = 0;
		};
/* End PBXSourcesBuildPhase section */

/* Begin PBXTargetDependency section */
		423E20DF1CEA74AD0021150F /* PBXTargetDependency */ = {
			isa = PBXTargetDependency;
			target = 423E20C81CEA74AC0021150F /* Westview */;
			targetProxy = 423E20DE1CEA74AD0021150F /* PBXContainerItemProxy */;
		};
		423E20EA1CEA74AD0021150F /* PBXTargetDependency */ = {
			isa = PBXTargetDependency;
			target = 423E20C81CEA74AC0021150F /* Westview */;
			targetProxy = 423E20E91CEA74AD0021150F /* PBXContainerItemProxy */;
		};
/* End PBXTargetDependency section */

/* Begin PBXVariantGroup section */
		423E20D01CEA74AD0021150F /* Main.storyboard */ = {
			isa = PBXVariantGroup;
			children = (
				423E20D11CEA74AD0021150F /* Base */,
			);
			name = Main.storyboard;
			sourceTree = "<group>";
		};
		423E20D51CEA74AD0021150F /* LaunchScreen.storyboard */ = {
			isa = PBXVariantGroup;
			children = (
				423E20D61CEA74AD0021150F /* Base */,
			);
			name = LaunchScreen.storyboard;
			sourceTree = "<group>";
		};
/* End PBXVariantGroup section */

/* Begin XCBuildConfiguration section */
		423E20EF1CEA74AD0021150F /* Debug */ = {
			isa = XCBuildConfiguration;
			buildSettings = {
				ALWAYS_SEARCH_USER_PATHS = NO;
				CLANG_ANALYZER_NONNULL = YES;
				CLANG_CXX_LANGUAGE_STANDARD = "gnu++0x";
				CLANG_CXX_LIBRARY = "libc++";
				CLANG_ENABLE_MODULES = YES;
				CLANG_ENABLE_OBJC_ARC = YES;
				CLANG_WARN_BOOL_CONVERSION = YES;
				CLANG_WARN_CONSTANT_CONVERSION = YES;
				CLANG_WARN_DIRECT_OBJC_ISA_USAGE = YES_ERROR;
				CLANG_WARN_EMPTY_BODY = YES;
				CLANG_WARN_ENUM_CONVERSION = YES;
				CLANG_WARN_INT_CONVERSION = YES;
				CLANG_WARN_OBJC_ROOT_CLASS = YES_ERROR;
				CLANG_WARN_UNREACHABLE_CODE = YES;
				CLANG_WARN__DUPLICATE_METHOD_MATCH = YES;
				"CODE_SIGN_IDENTITY[sdk=iphoneos*]" = "iPhone Developer";
				COPY_PHASE_STRIP = NO;
				DEBUG_INFORMATION_FORMAT = dwarf;
				ENABLE_STRICT_OBJC_MSGSEND = YES;
				ENABLE_TESTABILITY = YES;
				GCC_C_LANGUAGE_STANDARD = gnu99;
				GCC_DYNAMIC_NO_PIC = NO;
				GCC_NO_COMMON_BLOCKS = YES;
				GCC_OPTIMIZATION_LEVEL = 0;
				GCC_PREPROCESSOR_DEFINITIONS = (
					"DEBUG=1",
					"$(inherited)",
				);
				GCC_WARN_64_TO_32_BIT_CONVERSION = YES;
				GCC_WARN_ABOUT_RETURN_TYPE = YES_ERROR;
				GCC_WARN_UNDECLARED_SELECTOR = YES;
				GCC_WARN_UNINITIALIZED_AUTOS = YES_AGGRESSIVE;
				GCC_WARN_UNUSED_FUNCTION = YES;
				GCC_WARN_UNUSED_VARIABLE = YES;
				IPHONEOS_DEPLOYMENT_TARGET = 9.3;
				MTL_ENABLE_DEBUG_INFO = YES;
				ONLY_ACTIVE_ARCH = YES;
				SDKROOT = iphoneos;
				SWIFT_OPTIMIZATION_LEVEL = "-Onone";
				TARGETED_DEVICE_FAMILY = "1,2";
			};
			name = Debug;
		};
		423E20F01CEA74AD0021150F /* Release */ = {
			isa = XCBuildConfiguration;
			buildSettings = {
				ALWAYS_SEARCH_USER_PATHS = NO;
				CLANG_ANALYZER_NONNULL = YES;
				CLANG_CXX_LANGUAGE_STANDARD = "gnu++0x";
				CLANG_CXX_LIBRARY = "libc++";
				CLANG_ENABLE_MODULES = YES;
				CLANG_ENABLE_OBJC_ARC = YES;
				CLANG_WARN_BOOL_CONVERSION = YES;
				CLANG_WARN_CONSTANT_CONVERSION = YES;
				CLANG_WARN_DIRECT_OBJC_ISA_USAGE = YES_ERROR;
				CLANG_WARN_EMPTY_BODY = YES;
				CLANG_WARN_ENUM_CONVERSION = YES;
				CLANG_WARN_INT_CONVERSION = YES;
				CLANG_WARN_OBJC_ROOT_CLASS = YES_ERROR;
				CLANG_WARN_UNREACHABLE_CODE = YES;
				CLANG_WARN__DUPLICATE_METHOD_MATCH = YES;
				"CODE_SIGN_IDENTITY[sdk=iphoneos*]" = "iPhone Developer";
				COPY_PHASE_STRIP = NO;
				DEBUG_INFORMATION_FORMAT = "dwarf-with-dsym";
				ENABLE_NS_ASSERTIONS = NO;
				ENABLE_STRICT_OBJC_MSGSEND = YES;
				GCC_C_LANGUAGE_STANDARD = gnu99;
				GCC_NO_COMMON_BLOCKS = YES;
				GCC_WARN_64_TO_32_BIT_CONVERSION = YES;
				GCC_WARN_ABOUT_RETURN_TYPE = YES_ERROR;
				GCC_WARN_UNDECLARED_SELECTOR = YES;
				GCC_WARN_UNINITIALIZED_AUTOS = YES_AGGRESSIVE;
				GCC_WARN_UNUSED_FUNCTION = YES;
				GCC_WARN_UNUSED_VARIABLE = YES;
				IPHONEOS_DEPLOYMENT_TARGET = 9.3;
				MTL_ENABLE_DEBUG_INFO = NO;
				SDKROOT = iphoneos;
				TARGETED_DEVICE_FAMILY = "1,2";
				VALIDATE_PRODUCT = YES;
			};
			name = Release;
		};
		423E20F21CEA74AD0021150F /* Debug */ = {
			isa = XCBuildConfiguration;
			buildSettings = {
				ASSETCATALOG_COMPILER_APPICON_NAME = AppIcon;
				CODE_SIGN_IDENTITY = "iPhone Developer";
				"CODE_SIGN_IDENTITY[sdk=iphoneos*]" = "iPhone Developer";
				INFOPLIST_FILE = Westview/Info.plist;
				LD_RUNPATH_SEARCH_PATHS = "$(inherited) @executable_path/Frameworks";
				PRODUCT_BUNDLE_IDENTIFIER = wicsclub.westview;
				PRODUCT_NAME = "$(TARGET_NAME)";
				PROVISIONING_PROFILE = "";
				TARGETED_DEVICE_FAMILY = 1;
			};
			name = Debug;
		};
		423E20F31CEA74AD0021150F /* Release */ = {
			isa = XCBuildConfiguration;
			buildSettings = {
				ASSETCATALOG_COMPILER_APPICON_NAME = AppIcon;
				CODE_SIGN_IDENTITY = "iPhone Developer";
				"CODE_SIGN_IDENTITY[sdk=iphoneos*]" = "iPhone Developer";
				INFOPLIST_FILE = Westview/Info.plist;
				LD_RUNPATH_SEARCH_PATHS = "$(inherited) @executable_path/Frameworks";
				PRODUCT_BUNDLE_IDENTIFIER = wicsclub.westview;
				PRODUCT_NAME = "$(TARGET_NAME)";
				PROVISIONING_PROFILE = "";
				TARGETED_DEVICE_FAMILY = 1;
			};
			name = Release;
		};
		423E20F51CEA74AD0021150F /* Debug */ = {
			isa = XCBuildConfiguration;
			buildSettings = {
				BUNDLE_LOADER = "$(TEST_HOST)";
				INFOPLIST_FILE = WestviewTests/Info.plist;
				LD_RUNPATH_SEARCH_PATHS = "$(inherited) @executable_path/Frameworks @loader_path/Frameworks";
				PRODUCT_BUNDLE_IDENTIFIER = wicscalicoders.WestviewTests;
				PRODUCT_NAME = "$(TARGET_NAME)";
				TEST_HOST = "$(BUILT_PRODUCTS_DIR)/Westview.app/Westview";
			};
			name = Debug;
		};
		423E20F61CEA74AD0021150F /* Release */ = {
			isa = XCBuildConfiguration;
			buildSettings = {
				BUNDLE_LOADER = "$(TEST_HOST)";
				INFOPLIST_FILE = WestviewTests/Info.plist;
				LD_RUNPATH_SEARCH_PATHS = "$(inherited) @executable_path/Frameworks @loader_path/Frameworks";
				PRODUCT_BUNDLE_IDENTIFIER = wicscalicoders.WestviewTests;
				PRODUCT_NAME = "$(TARGET_NAME)";
				TEST_HOST = "$(BUILT_PRODUCTS_DIR)/Westview.app/Westview";
			};
			name = Release;
		};
		423E20F81CEA74AD0021150F /* Debug */ = {
			isa = XCBuildConfiguration;
			buildSettings = {
				INFOPLIST_FILE = WestviewUITests/Info.plist;
				LD_RUNPATH_SEARCH_PATHS = "$(inherited) @executable_path/Frameworks @loader_path/Frameworks";
				PRODUCT_BUNDLE_IDENTIFIER = wicscalicoders.WestviewUITests;
				PRODUCT_NAME = "$(TARGET_NAME)";
				TEST_TARGET_NAME = Westview;
			};
			name = Debug;
		};
		423E20F91CEA74AD0021150F /* Release */ = {
			isa = XCBuildConfiguration;
			buildSettings = {
				INFOPLIST_FILE = WestviewUITests/Info.plist;
				LD_RUNPATH_SEARCH_PATHS = "$(inherited) @executable_path/Frameworks @loader_path/Frameworks";
				PRODUCT_BUNDLE_IDENTIFIER = wicscalicoders.WestviewUITests;
				PRODUCT_NAME = "$(TARGET_NAME)";
				TEST_TARGET_NAME = Westview;
			};
			name = Release;
		};
/* End XCBuildConfiguration section */

/* Begin XCConfigurationList section */
		423E20C41CEA74AC0021150F /* Build configuration list for PBXProject "Westview" */ = {
			isa = XCConfigurationList;
			buildConfigurations = (
				423E20EF1CEA74AD0021150F /* Debug */,
				423E20F01CEA74AD0021150F /* Release */,
			);
			defaultConfigurationIsVisible = 0;
			defaultConfigurationName = Release;
		};
		423E20F11CEA74AD0021150F /* Build configuration list for PBXNativeTarget "Westview" */ = {
			isa = XCConfigurationList;
			buildConfigurations = (
				423E20F21CEA74AD0021150F /* Debug */,
				423E20F31CEA74AD0021150F /* Release */,
			);
			defaultConfigurationIsVisible = 0;
			defaultConfigurationName = Release;
		};
		423E20F41CEA74AD0021150F /* Build configuration list for PBXNativeTarget "WestviewTests" */ = {
			isa = XCConfigurationList;
			buildConfigurations = (
				423E20F51CEA74AD0021150F /* Debug */,
				423E20F61CEA74AD0021150F /* Release */,
			);
			defaultConfigurationIsVisible = 0;
			defaultConfigurationName = Release;
		};
		423E20F71CEA74AD0021150F /* Build configuration list for PBXNativeTarget "WestviewUITests" */ = {
			isa = XCConfigurationList;
			buildConfigurations = (
				423E20F81CEA74AD0021150F /* Debug */,
				423E20F91CEA74AD0021150F /* Release */,
			);
			defaultConfigurationIsVisible = 0;
			defaultConfigurationName = Release;
		};
/* End XCConfigurationList section */
	};
	rootObject = 423E20C11CEA74AC0021150F /* Project object */;
}
